<?xml version="1.0" encoding="utf-8"?>
<Project ToolsVersion="17.0" xmlns="http://schemas.microsoft.com/developer/msbuild/2003">
  <ItemGroup>
    <ClCompile Include="C:\Users\Tre\Downloads\vst-sdk_3.7.11_build-10_2024-04-22\VST_SDK\vst3sdk\public.sdk\source\vst\hosting\connectionproxy.cpp">
      <Filter>Source Files</Filter>
    </ClCompile>
    <ClCompile Include="C:\Users\Tre\Downloads\vst-sdk_3.7.11_build-10_2024-04-22\VST_SDK\vst3sdk\public.sdk\source\vst\hosting\eventlist.cpp">
      <Filter>Source Files</Filter>
    </ClCompile>
    <ClCompile Include="C:\Users\Tre\Downloads\vst-sdk_3.7.11_build-10_2024-04-22\VST_SDK\vst3sdk\public.sdk\source\vst\hosting\hostclasses.cpp">
      <Filter>Source Files</Filter>
    </ClCompile>
    <ClCompile Include="C:\Users\Tre\Downloads\vst-sdk_3.7.11_build-10_2024-04-22\VST_SDK\vst3sdk\public.sdk\source\vst\hosting\module.cpp">
      <Filter>Source Files</Filter>
    </ClCompile>
    <ClCompile Include="C:\Users\Tre\Downloads\vst-sdk_3.7.11_build-10_2024-04-22\VST_SDK\vst3sdk\public.sdk\source\vst\hosting\parameterchanges.cpp">
      <Filter>Source Files</Filter>
    </ClCompile>
    <ClCompile Include="C:\Users\Tre\Downloads\vst-sdk_3.7.11_build-10_2024-04-22\VST_SDK\vst3sdk\public.sdk\source\vst\hosting\pluginterfacesupport.cpp">
      <Filter>Source Files</Filter>
    </ClCompile>
    <ClCompile Include="C:\Users\Tre\Downloads\vst-sdk_3.7.11_build-10_2024-04-22\VST_SDK\vst3sdk\public.sdk\source\vst\hosting\processdata.cpp">
      <Filter>Source Files</Filter>
    </ClCompile>
    <ClCompile Include="C:\Users\Tre\Downloads\vst-sdk_3.7.11_build-10_2024-04-22\VST_SDK\vst3sdk\public.sdk\source\vst\utility\stringconvert.cpp">
      <Filter>Source Files</Filter>
    </ClCompile>
    <ClCompile Include="C:\Users\Tre\Downloads\vst-sdk_3.7.11_build-10_2024-04-22\VST_SDK\vst3sdk\public.sdk\source\vst\vstinitiids.cpp">
      <Filter>Source Files</Filter>
    </ClCompile>
  </ItemGroup>
  <ItemGroup>
    <ClInclude Include="C:\Users\Tre\Downloads\vst-sdk_3.7.11_build-10_2024-04-22\VST_SDK\vst3sdk\public.sdk\source\vst\hosting\connectionproxy.h">
      <Filter>Header Files</Filter>
    </ClInclude>
    <ClInclude Include="C:\Users\Tre\Downloads\vst-sdk_3.7.11_build-10_2024-04-22\VST_SDK\vst3sdk\public.sdk\source\vst\hosting\eventlist.h">
      <Filter>Header Files</Filter>
    </ClInclude>
    <ClInclude Include="C:\Users\Tre\Downloads\vst-sdk_3.7.11_build-10_2024-04-22\VST_SDK\vst3sdk\public.sdk\source\vst\hosting\hostclasses.h">
      <Filter>Header Files</Filter>
    </ClInclude>
    <ClInclude Include="C:\Users\Tre\Downloads\vst-sdk_3.7.11_build-10_2024-04-22\VST_SDK\vst3sdk\public.sdk\source\vst\hosting\module.h">
      <Filter>Header Files</Filter>
    </ClInclude>
    <ClInclude Include="C:\Users\Tre\Downloads\vst-sdk_3.7.11_build-10_2024-04-22\VST_SDK\vst3sdk\public.sdk\source\vst\hosting\parameterchanges.h">
      <Filter>Header Files</Filter>
    </ClInclude>
    <ClInclude Include="C:\Users\Tre\Downloads\vst-sdk_3.7.11_build-10_2024-04-22\VST_SDK\vst3sdk\public.sdk\source\vst\hosting\pluginterfacesupport.h">
      <Filter>Header Files</Filter>
    </ClInclude>
    <ClInclude Include="C:\Users\Tre\Downloads\vst-sdk_3.7.11_build-10_2024-04-22\VST_SDK\vst3sdk\public.sdk\source\vst\hosting\processdata.h">
      <Filter>Header Files</Filter>
    </ClInclude>
    <ClInclude Include="C:\Users\Tre\Downloads\vst-sdk_3.7.11_build-10_2024-04-22\VST_SDK\vst3sdk\public.sdk\source\vst\utility\optional.h">
      <Filter>Header Files</Filter>
    </ClInclude>
    <ClInclude Include="C:\Users\Tre\Downloads\vst-sdk_3.7.11_build-10_2024-04-22\VST_SDK\vst3sdk\public.sdk\source\vst\utility\stringconvert.h">
      <Filter>Header Files</Filter>
    </ClInclude>
    <ClInclude Include="C:\Users\Tre\Downloads\vst-sdk_3.7.11_build-10_2024-04-22\VST_SDK\vst3sdk\public.sdk\source\vst\utility\uid.h">
      <Filter>Header Files</Filter>
    </ClInclude>
    <ClInclude Include="C:\Users\Tre\Downloads\vst-sdk_3.7.11_build-10_2024-04-22\VST_SDK\vst3sdk\public.sdk\source\vst\utility\versionparser.h">
      <Filter>Header Files</Filter>
    </ClInclude>
  </ItemGroup>
  <ItemGroup>
    <CustomBuild Include="C:\Users\Tre\Downloads\vst-sdk_3.7.11_build-10_2024-04-22\VST_SDK\vst3sdk\public.sdk\CMakeLists.txt" />
  </ItemGroup>
  <ItemGroup>
    <Filter Include="Header Files">
      <UniqueIdentifier>{417BB2D3-1A96-30DF-829B-9EF74B05C554}</UniqueIdentifier>
    </Filter>
    <Filter Include="Source Files">
      <UniqueIdentifier>{80DCA372-A08F-3ED8-8954-C65ECBB5DE0B}</UniqueIdentifier>
    </Filter>
  </ItemGroup>
</Project>
